// !$*UTF8*$!
{
	archiveVersion = 1;
	classes = {
	};
	objectVersion = 50;
	objects = {

/* Begin PBXBuildFile section */
		3944ECE0217A5E6F00B893AE /* AppDelegate.swift in Sources */ = {isa = PBXBuildFile; fileRef = 3944ECDF217A5E6F00B893AE /* AppDelegate.swift */; };
		3944ECE2217A5E6F00B893AE /* ViewController.swift in Sources */ = {isa = PBXBuildFile; fileRef = 3944ECE1217A5E6F00B893AE /* ViewController.swift */; };
		3944ECE5217A5E6F00B893AE /* Main.storyboard in Resources */ = {isa = PBXBuildFile; fileRef = 3944ECE3217A5E6F00B893AE /* Main.storyboard */; };
		3944ECE7217A5E7000B893AE /* Assets.xcassets in Resources */ = {isa = PBXBuildFile; fileRef = 3944ECE6217A5E7000B893AE /* Assets.xcassets */; };
		3944ECEA217A5E7000B893AE /* LaunchScreen.storyboard in Resources */ = {isa = PBXBuildFile; fileRef = 3944ECE8217A5E7000B893AE /* LaunchScreen.storyboard */; };
		3944ECF5217A5E7000B893AE /* VolvoTestTaskTests.swift in Sources */ = {isa = PBXBuildFile; fileRef = 3944ECF4217A5E7000B893AE /* VolvoTestTaskTests.swift */; };
		3944ED00217A5E7000B893AE /* VolvoTestTaskUITests.swift in Sources */ = {isa = PBXBuildFile; fileRef = 3944ECFF217A5E7000B893AE /* VolvoTestTaskUITests.swift */; };
/* End PBXBuildFile section */

/* Begin PBXContainerItemProxy section */
		3944ECF1217A5E7000B893AE /* PBXContainerItemProxy */ = {
			isa = PBXContainerItemProxy;
			containerPortal = 3944ECD4217A5E6F00B893AE /* Project object */;
			proxyType = 1;
			remoteGlobalIDString = 3944ECDB217A5E6F00B893AE;
			remoteInfo = VolvoTestTask;
		};
		3944ECFC217A5E7000B893AE /* PBXContainerItemProxy */ = {
			isa = PBXContainerItemProxy;
			containerPortal = 3944ECD4217A5E6F00B893AE /* Project object */;
			proxyType = 1;
			remoteGlobalIDString = 3944ECDB217A5E6F00B893AE;
			remoteInfo = VolvoTestTask;
		};
/* End PBXContainerItemProxy section */

/* Begin PBXFileReference section */
		3944ECDC217A5E6F00B893AE /* VolvoTestTask.app */ = {isa = PBXFileReference; explicitFileType = wrapper.application; includeInIndex = 0; path = VolvoTestTask.app; sourceTree = BUILT_PRODUCTS_DIR; };
		3944ECDF217A5E6F00B893AE /* AppDelegate.swift */ = {isa = PBXFileReference; lastKnownFileType = sourcecode.swift; path = AppDelegate.swift; sourceTree = "<group>"; };
		3944ECE1217A5E6F00B893AE /* ViewController.swift */ = {isa = PBXFileReference; lastKnownFileType = sourcecode.swift; path = ViewController.swift; sourceTree = "<group>"; };
		3944ECE4217A5E6F00B893AE /* Base */ = {isa = PBXFileReference; lastKnownFileType = file.storyboard; name = Base; path = Base.lproj/Main.storyboard; sourceTree = "<group>"; };
		3944ECE6217A5E7000B893AE /* Assets.xcassets */ = {isa = PBXFileReference; lastKnownFileType = folder.assetcatalog; path = Assets.xcassets; sourceTree = "<group>"; };
		3944ECE9217A5E7000B893AE /* Base */ = {isa = PBXFileReference; lastKnownFileType = file.storyboard; name = Base; path = Base.lproj/LaunchScreen.storyboard; sourceTree = "<group>"; };
		3944ECEB217A5E7000B893AE /* Info.plist */ = {isa = PBXFileReference; lastKnownFileType = text.plist.xml; path = Info.plist; sourceTree = "<group>"; };
		3944ECF0217A5E7000B893AE /* VolvoTestTaskTests.xctest */ = {isa = PBXFileReference; explicitFileType = wrapper.cfbundle; includeInIndex = 0; path = VolvoTestTaskTests.xctest; sourceTree = BUILT_PRODUCTS_DIR; };
		3944ECF4217A5E7000B893AE /* VolvoTestTaskTests.swift */ = {isa = PBXFileReference; lastKnownFileType = sourcecode.swift; path = VolvoTestTaskTests.swift; sourceTree = "<group>"; };
		3944ECF6217A5E7000B893AE /* Info.plist */ = {isa = PBXFileReference; lastKnownFileType = text.plist.xml; path = Info.plist; sourceTree = "<group>"; };
		3944ECFB217A5E7000B893AE /* VolvoTestTaskUITests.xctest */ = {isa = PBXFileReference; explicitFileType = wrapper.cfbundle; includeInIndex = 0; path = VolvoTestTaskUITests.xctest; sourceTree = BUILT_PRODUCTS_DIR; };
		3944ECFF217A5E7000B893AE /* VolvoTestTaskUITests.swift */ = {isa = PBXFileReference; lastKnownFileType = sourcecode.swift; path = VolvoTestTaskUITests.swift; sourceTree = "<group>"; };
		3944ED01217A5E7000B893AE /* Info.plist */ = {isa = PBXFileReference; lastKnownFileType = text.plist.xml; path = Info.plist; sourceTree = "<group>"; };
/* End PBXFileReference section */

/* Begin PBXFrameworksBuildPhase section */
		3944ECD9217A5E6F00B893AE /* Frameworks */ = {
			isa = PBXFrameworksBuildPhase;
			buildActionMask = 2147483647;
			files = (
			);
			runOnlyForDeploymentPostprocessing = 0;
		};
		3944ECED217A5E7000B893AE /* Frameworks */ = {
			isa = PBXFrameworksBuildPhase;
			buildActionMask = 2147483647;
			files = (
			);
			runOnlyForDeploymentPostprocessing = 0;
		};
		3944ECF8217A5E7000B893AE /* Frameworks */ = {
			isa = PBXFrameworksBuildPhase;
			buildActionMask = 2147483647;
			files = (
			);
			runOnlyForDeploymentPostprocessing = 0;
		};
/* End PBXFrameworksBuildPhase section */

/* Begin PBXGroup section */
		3944ECD3217A5E6F00B893AE = {
			isa = PBXGroup;
			children = (
				3944ECDE217A5E6F00B893AE /* VolvoTestTask */,
				3944ECF3217A5E7000B893AE /* VolvoTestTaskTests */,
				3944ECFE217A5E7000B893AE /* VolvoTestTaskUITests */,
				3944ECDD217A5E6F00B893AE /* Products */,
			);
			sourceTree = "<group>";
		};
		3944ECDD217A5E6F00B893AE /* Products */ = {
			isa = PBXGroup;
			children = (
				3944ECDC217A5E6F00B893AE /* VolvoTestTask.app */,
				3944ECF0217A5E7000B893AE /* VolvoTestTaskTests.xctest */,
				3944ECFB217A5E7000B893AE /* VolvoTestTaskUITests.xctest */,
			);
			name = Products;
			sourceTree = "<group>";
		};
		3944ECDE217A5E6F00B893AE /* VolvoTestTask */ = {
			isa = PBXGroup;
			children = (
				3944ECDF217A5E6F00B893AE /* AppDelegate.swift */,
				3944ECE1217A5E6F00B893AE /* ViewController.swift */,
				3944ECE3217A5E6F00B893AE /* Main.storyboard */,
				3944ECE6217A5E7000B893AE /* Assets.xcassets */,
				3944ECE8217A5E7000B893AE /* LaunchScreen.storyboard */,
				3944ECEB217A5E7000B893AE /* Info.plist */,
			);
			path = VolvoTestTask;
			sourceTree = "<group>";
		};
		3944ECF3217A5E7000B893AE /* VolvoTestTaskTests */ = {
			isa = PBXGroup;
			children = (
				3944ECF4217A5E7000B893AE /* VolvoTestTaskTests.swift */,
				3944ECF6217A5E7000B893AE /* Info.plist */,
			);
			path = VolvoTestTaskTests;
			sourceTree = "<group>";
		};
		3944ECFE217A5E7000B893AE /* VolvoTestTaskUITests */ = {
			isa = PBXGroup;
			children = (
				3944ECFF217A5E7000B893AE /* VolvoTestTaskUITests.swift */,
				3944ED01217A5E7000B893AE /* Info.plist */,
			);
			path = VolvoTestTaskUITests;
			sourceTree = "<group>";
		};
/* End PBXGroup section */

/* Begin PBXNativeTarget section */
		3944ECDB217A5E6F00B893AE /* VolvoTestTask */ = {
			isa = PBXNativeTarget;
			buildConfigurationList = 3944ED04217A5E7000B893AE /* Build configuration list for PBXNativeTarget "VolvoTestTask" */;
			buildPhases = (
				3944ECD8217A5E6F00B893AE /* Sources */,
				3944ECD9217A5E6F00B893AE /* Frameworks */,
				3944ECDA217A5E6F00B893AE /* Resources */,
			);
			buildRules = (
			);
			dependencies = (
			);
			name = VolvoTestTask;
			productName = VolvoTestTask;
			productReference = 3944ECDC217A5E6F00B893AE /* VolvoTestTask.app */;
			productType = "com.apple.product-type.application";
		};
		3944ECEF217A5E7000B893AE /* VolvoTestTaskTests */ = {
			isa = PBXNativeTarget;
			buildConfigurationList = 3944ED07217A5E7000B893AE /* Build configuration list for PBXNativeTarget "VolvoTestTaskTests" */;
			buildPhases = (
				3944ECEC217A5E7000B893AE /* Sources */,
				3944ECED217A5E7000B893AE /* Frameworks */,
				3944ECEE217A5E7000B893AE /* Resources */,
			);
			buildRules = (
			);
			dependencies = (
				3944ECF2217A5E7000B893AE /* PBXTargetDependency */,
			);
			name = VolvoTestTaskTests;
			productName = VolvoTestTaskTests;
			productReference = 3944ECF0217A5E7000B893AE /* VolvoTestTaskTests.xctest */;
			productType = "com.apple.product-type.bundle.unit-test";
		};
		3944ECFA217A5E7000B893AE /* VolvoTestTaskUITests */ = {
			isa = PBXNativeTarget;
			buildConfigurationList = 3944ED0A217A5E7000B893AE /* Build configuration list for PBXNativeTarget "VolvoTestTaskUITests" */;
			buildPhases = (
				3944ECF7217A5E7000B893AE /* Sources */,
				3944ECF8217A5E7000B893AE /* Frameworks */,
				3944ECF9217A5E7000B893AE /* Resources */,
			);
			buildRules = (
			);
			dependencies = (
				3944ECFD217A5E7000B893AE /* PBXTargetDependency */,
			);
			name = VolvoTestTaskUITests;
			productName = VolvoTestTaskUITests;
			productReference = 3944ECFB217A5E7000B893AE /* VolvoTestTaskUITests.xctest */;
			productType = "com.apple.product-type.bundle.ui-testing";
		};
/* End PBXNativeTarget section */

/* Begin PBXProject section */
		3944ECD4217A5E6F00B893AE /* Project object */ = {
			isa = PBXProject;
			attributes = {
				LastSwiftUpdateCheck = 1000;
				LastUpgradeCheck = 1000;
				ORGANIZATIONNAME = "Victor Rosas";
				TargetAttributes = {
					3944ECDB217A5E6F00B893AE = {
						CreatedOnToolsVersion = 10.0;
					};
					3944ECEF217A5E7000B893AE = {
						CreatedOnToolsVersion = 10.0;
						TestTargetID = 3944ECDB217A5E6F00B893AE;
					};
					3944ECFA217A5E7000B893AE = {
						CreatedOnToolsVersion = 10.0;
						TestTargetID = 3944ECDB217A5E6F00B893AE;
					};
				};
			};
			buildConfigurationList = 3944ECD7217A5E6F00B893AE /* Build configuration list for PBXProject "VolvoTestTask" */;
			compatibilityVersion = "Xcode 9.3";
			developmentRegion = en;
			hasScannedForEncodings = 0;
			knownRegions = (
				en,
				Base,
			);
			mainGroup = 3944ECD3217A5E6F00B893AE;
			productRefGroup = 3944ECDD217A5E6F00B893AE /* Products */;
			projectDirPath = "";
			projectRoot = "";
			targets = (
				3944ECDB217A5E6F00B893AE /* VolvoTestTask */,
				3944ECEF217A5E7000B893AE /* VolvoTestTaskTests */,
				3944ECFA217A5E7000B893AE /* VolvoTestTaskUITests */,
			);
		};
/* End PBXProject section */

/* Begin PBXResourcesBuildPhase section */
		3944ECDA217A5E6F00B893AE /* Resources */ = {
			isa = PBXResourcesBuildPhase;
			buildActionMask = 2147483647;
			files = (
				3944ECEA217A5E7000B893AE /* LaunchScreen.storyboard in Resources */,
				3944ECE7217A5E7000B893AE /* Assets.xcassets in Resources */,
				3944ECE5217A5E6F00B893AE /* Main.storyboard in Resources */,
			);
			runOnlyForDeploymentPostprocessing = 0;
		};
		3944ECEE217A5E7000B893AE /* Resources */ = {
			isa = PBXResourcesBuildPhase;
			buildActionMask = 2147483647;
			files = (
			);
			runOnlyForDeploymentPostprocessing = 0;
		};
		3944ECF9217A5E7000B893AE /* Resources */ = {
			isa = PBXResourcesBuildPhase;
			buildActionMask = 2147483647;
			files = (
			);
			runOnlyForDeploymentPostprocessing = 0;
		};
/* End PBXResourcesBuildPhase section */

/* Begin PBXSourcesBuildPhase section */
		3944ECD8217A5E6F00B893AE /* Sources */ = {
			isa = PBXSourcesBuildPhase;
			buildActionMask = 2147483647;
			files = (
				3944ECE2217A5E6F00B893AE /* ViewController.swift in Sources */,
				3944ECE0217A5E6F00B893AE /* AppDelegate.swift in Sources */,
			);
			runOnlyForDeploymentPostprocessing = 0;
		};
		3944ECEC217A5E7000B893AE /* Sources */ = {
			isa = PBXSourcesBuildPhase;
			buildActionMask = 2147483647;
			files = (
				3944ECF5217A5E7000B893AE /* VolvoTestTaskTests.swift in Sources */,
			);
			runOnlyForDeploymentPostprocessing = 0;
		};
		3944ECF7217A5E7000B893AE /* Sources */ = {
			isa = PBXSourcesBuildPhase;
			buildActionMask = 2147483647;
			files = (
				3944ED00217A5E7000B893AE /* VolvoTestTaskUITests.swift in Sources */,
			);
			runOnlyForDeploymentPostprocessing = 0;
		};
/* End PBXSourcesBuildPhase section */

/* Begin PBXTargetDependency section */
		3944ECF2217A5E7000B893AE /* PBXTargetDependency */ = {
			isa = PBXTargetDependency;
			target = 3944ECDB217A5E6F00B893AE /* VolvoTestTask */;
			targetProxy = 3944ECF1217A5E7000B893AE /* PBXContainerItemProxy */;
		};
		3944ECFD217A5E7000B893AE /* PBXTargetDependency */ = {
			isa = PBXTargetDependency;
			target = 3944ECDB217A5E6F00B893AE /* VolvoTestTask */;
			targetProxy = 3944ECFC217A5E7000B893AE /* PBXContainerItemProxy */;
		};
/* End PBXTargetDependency section */

/* Begin PBXVariantGroup section */
		3944ECE3217A5E6F00B893AE /* Main.storyboard */ = {
			isa = PBXVariantGroup;
			children = (
				3944ECE4217A5E6F00B893AE /* Base */,
			);
			name = Main.storyboard;
			sourceTree = "<group>";
		};
		3944ECE8217A5E7000B893AE /* LaunchScreen.storyboard */ = {
			isa = PBXVariantGroup;
			children = (
				3944ECE9217A5E7000B893AE /* Base */,
			);
			name = LaunchScreen.storyboard;
			sourceTree = "<group>";
		};
/* End PBXVariantGroup section */

/* Begin XCBuildConfiguration section */
		3944ED02217A5E7000B893AE /* Debug */ = {
			isa = XCBuildConfiguration;
			buildSettings = {
				ALWAYS_SEARCH_USER_PATHS = NO;
				CLANG_ANALYZER_NONNULL = YES;
				CLANG_ANALYZER_NUMBER_OBJECT_CONVERSION = YES_AGGRESSIVE;
				CLANG_CXX_LANGUAGE_STANDARD = "gnu++14";
				CLANG_CXX_LIBRARY = "libc++";
				CLANG_ENABLE_MODULES = YES;
				CLANG_ENABLE_OBJC_ARC = YES;
				CLANG_ENABLE_OBJC_WEAK = YES;
				CLANG_WARN_BLOCK_CAPTURE_AUTORELEASING = YES;
				CLANG_WARN_BOOL_CONVERSION = YES;
				CLANG_WARN_COMMA = YES;
				CLANG_WARN_CONSTANT_CONVERSION = YES;
				CLANG_WARN_DEPRECATED_OBJC_IMPLEMENTATIONS = YES;
				CLANG_WARN_DIRECT_OBJC_ISA_USAGE = YES_ERROR;
				CLANG_WARN_DOCUMENTATION_COMMENTS = YES;
				CLANG_WARN_EMPTY_BODY = YES;
				CLANG_WARN_ENUM_CONVERSION = YES;
				CLANG_WARN_INFINITE_RECURSION = YES;
				CLANG_WARN_INT_CONVERSION = YES;
				CLANG_WARN_NON_LITERAL_NULL_CONVERSION = YES;
				CLANG_WARN_OBJC_IMPLICIT_RETAIN_SELF = YES;
				CLANG_WARN_OBJC_LITERAL_CONVERSION = YES;
				CLANG_WARN_OBJC_ROOT_CLASS = YES_ERROR;
				CLANG_WARN_RANGE_LOOP_ANALYSIS = YES;
				CLANG_WARN_STRICT_PROTOTYPES = YES;
				CLANG_WARN_SUSPICIOUS_MOVE = YES;
				CLANG_WARN_UNGUARDED_AVAILABILITY = YES_AGGRESSIVE;
				CLANG_WARN_UNREACHABLE_CODE = YES;
				CLANG_WARN__DUPLICATE_METHOD_MATCH = YES;
				CODE_SIGN_IDENTITY = "iPhone Developer";
				COPY_PHASE_STRIP = NO;
				DEBUG_INFORMATION_FORMAT = dwarf;
				ENABLE_STRICT_OBJC_MSGSEND = YES;
				ENABLE_TESTABILITY = YES;
				GCC_C_LANGUAGE_STANDARD = gnu11;
				GCC_DYNAMIC_NO_PIC = NO;
				GCC_NO_COMMON_BLOCKS = YES;
				GCC_OPTIMIZATION_LEVEL = 0;
				GCC_PREPROCESSOR_DEFINITIONS = (
					"DEBUG=1",
					"$(inherited)",
				);
				GCC_WARN_64_TO_32_BIT_CONVERSION = YES;
				GCC_WARN_ABOUT_RETURN_TYPE = YES_ERROR;
				GCC_WARN_UNDECLARED_SELECTOR = YES;
				GCC_WARN_UNINITIALIZED_AUTOS = YES_AGGRESSIVE;
				GCC_WARN_UNUSED_FUNCTION = YES;
				GCC_WARN_UNUSED_VARIABLE = YES;
				IPHONEOS_DEPLOYMENT_TARGET = 12.0;
				MTL_ENABLE_DEBUG_INFO = INCLUDE_SOURCE;
				MTL_FAST_MATH = YES;
				ONLY_ACTIVE_ARCH = YES;
				SDKROOT = iphoneos;
				SWIFT_ACTIVE_COMPILATION_CONDITIONS = DEBUG;
				SWIFT_OPTIMIZATION_LEVEL = "-Onone";
			};
			name = Debug;
		};
		3944ED03217A5E7000B893AE /* Release */ = {
			isa = XCBuildConfiguration;
			buildSettings = {
				ALWAYS_SEARCH_USER_PATHS = NO;
				CLANG_ANALYZER_NONNULL = YES;
				CLANG_ANALYZER_NUMBER_OBJECT_CONVERSION = YES_AGGRESSIVE;
				CLANG_CXX_LANGUAGE_STANDARD = "gnu++14";
				CLANG_CXX_LIBRARY = "libc++";
				CLANG_ENABLE_MODULES = YES;
				CLANG_ENABLE_OBJC_ARC = YES;
				CLANG_ENABLE_OBJC_WEAK = YES;
				CLANG_WARN_BLOCK_CAPTURE_AUTORELEASING = YES;
				CLANG_WARN_BOOL_CONVERSION = YES;
				CLANG_WARN_COMMA = YES;
				CLANG_WARN_CONSTANT_CONVERSION = YES;
				CLANG_WARN_DEPRECATED_OBJC_IMPLEMENTATIONS = YES;
				CLANG_WARN_DIRECT_OBJC_ISA_USAGE = YES_ERROR;
				CLANG_WARN_DOCUMENTATION_COMMENTS = YES;
				CLANG_WARN_EMPTY_BODY = YES;
				CLANG_WARN_ENUM_CONVERSION = YES;
				CLANG_WARN_INFINITE_RECURSION = YES;
				CLANG_WARN_INT_CONVERSION = YES;
				CLANG_WARN_NON_LITERAL_NULL_CONVERSION = YES;
				CLANG_WARN_OBJC_IMPLICIT_RETAIN_SELF = YES;
				CLANG_WARN_OBJC_LITERAL_CONVERSION = YES;
				CLANG_WARN_OBJC_ROOT_CLASS = YES_ERROR;
				CLANG_WARN_RANGE_LOOP_ANALYSIS = YES;
				CLANG_WARN_STRICT_PROTOTYPES = YES;
				CLANG_WARN_SUSPICIOUS_MOVE = YES;
				CLANG_WARN_UNGUARDED_AVAILABILITY = YES_AGGRESSIVE;
				CLANG_WARN_UNREACHABLE_CODE = YES;
				CLANG_WARN__DUPLICATE_METHOD_MATCH = YES;
				CODE_SIGN_IDENTITY = "iPhone Developer";
				COPY_PHASE_STRIP = NO;
				DEBUG_INFORMATION_FORMAT = "dwarf-with-dsym";
				ENABLE_NS_ASSERTIONS = NO;
				ENABLE_STRICT_OBJC_MSGSEND = YES;
				GCC_C_LANGUAGE_STANDARD = gnu11;
				GCC_NO_COMMON_BLOCKS = YES;
				GCC_WARN_64_TO_32_BIT_CONVERSION = YES;
				GCC_WARN_ABOUT_RETURN_TYPE = YES_ERROR;
				GCC_WARN_UNDECLARED_SELECTOR = YES;
				GCC_WARN_UNINITIALIZED_AUTOS = YES_AGGRESSIVE;
				GCC_WARN_UNUSED_FUNCTION = YES;
				GCC_WARN_UNUSED_VARIABLE = YES;
				IPHONEOS_DEPLOYMENT_TARGET = 12.0;
				MTL_ENABLE_DEBUG_INFO = NO;
				MTL_FAST_MATH = YES;
				SDKROOT = iphoneos;
				SWIFT_COMPILATION_MODE = wholemodule;
				SWIFT_OPTIMIZATION_LEVEL = "-O";
				VALIDATE_PRODUCT = YES;
			};
			name = Release;
		};
		3944ED05217A5E7000B893AE /* Debug */ = {
			isa = XCBuildConfiguration;
			buildSettings = {
				ASSETCATALOG_COMPILER_APPICON_NAME = AppIcon;
				CODE_SIGN_STYLE = Automatic;
				DEVELOPMENT_TEAM = 9L99953545;
				INFOPLIST_FILE = VolvoTestTask/Info.plist;
				LD_RUNPATH_SEARCH_PATHS = (
					"$(inherited)",
					"@executable_path/Frameworks",
				);
				PRODUCT_BUNDLE_IDENTIFIER = victorrosas.VolvoTestTask;
				PRODUCT_NAME = "$(TARGET_NAME)";
				SWIFT_VERSION = 4.2;
				TARGETED_DEVICE_FAMILY = "1,2";
			};
			name = Debug;
		};
		3944ED06217A5E7000B893AE /* Release */ = {
			isa = XCBuildConfiguration;
			buildSettings = {
				ASSETCATALOG_COMPILER_APPICON_NAME = AppIcon;
				CODE_SIGN_STYLE = Automatic;
				DEVELOPMENT_TEAM = 9L99953545;
				INFOPLIST_FILE = VolvoTestTask/Info.plist;
				LD_RUNPATH_SEARCH_PATHS = (
					"$(inherited)",
					"@executable_path/Frameworks",
				);
				PRODUCT_BUNDLE_IDENTIFIER = victorrosas.VolvoTestTask;
				PRODUCT_NAME = "$(TARGET_NAME)";
				SWIFT_VERSION = 4.2;
				TARGETED_DEVICE_FAMILY = "1,2";
			};
			name = Release;
		};
		3944ED08217A5E7000B893AE /* Debug */ = {
			isa = XCBuildConfiguration;
			buildSettings = {
				ALWAYS_EMBED_SWIFT_STANDARD_LIBRARIES = YES;
				BUNDLE_LOADER = "$(TEST_HOST)";
				CODE_SIGN_STYLE = Automatic;
				DEVELOPMENT_TEAM = 9L99953545;
				INFOPLIST_FILE = VolvoTestTaskTests/Info.plist;
				LD_RUNPATH_SEARCH_PATHS = (
					"$(inherited)",
					"@executable_path/Frameworks",
					"@loader_path/Frameworks",
				);
				PRODUCT_BUNDLE_IDENTIFIER = victorrosas.VolvoTestTaskTests;
				PRODUCT_NAME = "$(TARGET_NAME)";
				SWIFT_VERSION = 4.2;
				TARGETED_DEVICE_FAMILY = "1,2";
				TEST_HOST = "$(BUILT_PRODUCTS_DIR)/VolvoTestTask.app/VolvoTestTask";
			};
			name = Debug;
		};
		3944ED09217A5E7000B893AE /* Release */ = {
			isa = XCBuildConfiguration;
			buildSettings = {
				ALWAYS_EMBED_SWIFT_STANDARD_LIBRARIES = YES;
				BUNDLE_LOADER = "$(TEST_HOST)";
				CODE_SIGN_STYLE = Automatic;
				DEVELOPMENT_TEAM = 9L99953545;
				INFOPLIST_FILE = VolvoTestTaskTests/Info.plist;
				LD_RUNPATH_SEARCH_PATHS = (
					"$(inherited)",
					"@executable_path/Frameworks",
					"@loader_path/Frameworks",
				);
				PRODUCT_BUNDLE_IDENTIFIER = victorrosas.VolvoTestTaskTests;
				PRODUCT_NAME = "$(TARGET_NAME)";
				SWIFT_VERSION = 4.2;
				TARGETED_DEVICE_FAMILY = "1,2";
				TEST_HOST = "$(BUILT_PRODUCTS_DIR)/VolvoTestTask.app/VolvoTestTask";
			};
			name = Release;
		};
		3944ED0B217A5E7000B893AE /* Debug */ = {
			isa = XCBuildConfiguration;
			buildSettings = {
				ALWAYS_EMBED_SWIFT_STANDARD_LIBRARIES = YES;
				CODE_SIGN_STYLE = Automatic;
				DEVELOPMENT_TEAM = 9L99953545;
				INFOPLIST_FILE = VolvoTestTaskUITests/Info.plist;
				LD_RUNPATH_SEARCH_PATHS = (
					"$(inherited)",
					"@executable_path/Frameworks",
					"@loader_path/Frameworks",
				);
				PRODUCT_BUNDLE_IDENTIFIER = victorrosas.VolvoTestTaskUITests;
				PRODUCT_NAME = "$(TARGET_NAME)";
				SWIFT_VERSION = 4.2;
				TARGETED_DEVICE_FAMILY = "1,2";
				TEST_TARGET_NAME = VolvoTestTask;
			};
			name = Debug;
		};
		3944ED0C217A5E7000B893AE /* Release */ = {
			isa = XCBuildConfiguration;
			buildSettings = {
				ALWAYS_EMBED_SWIFT_STANDARD_LIBRARIES = YES;
				CODE_SIGN_STYLE = Automatic;
				DEVELOPMENT_TEAM = 9L99953545;
				INFOPLIST_FILE = VolvoTestTaskUITests/Info.plist;
				LD_RUNPATH_SEARCH_PATHS = (
					"$(inherited)",
					"@executable_path/Frameworks",
					"@loader_path/Frameworks",
				);
				PRODUCT_BUNDLE_IDENTIFIER = victorrosas.VolvoTestTaskUITests;
				PRODUCT_NAME = "$(TARGET_NAME)";
				SWIFT_VERSION = 4.2;
				TARGETED_DEVICE_FAMILY = "1,2";
				TEST_TARGET_NAME = VolvoTestTask;
			};
			name = Release;
		};
/* End XCBuildConfiguration section */

/* Begin XCConfigurationList section */
		3944ECD7217A5E6F00B893AE /* Build configuration list for PBXProject "VolvoTestTask" */ = {
			isa = XCConfigurationList;
			buildConfigurations = (
				3944ED02217A5E7000B893AE /* Debug */,
				3944ED03217A5E7000B893AE /* Release */,
			);
			defaultConfigurationIsVisible = 0;
			defaultConfigurationName = Release;
		};
		3944ED04217A5E7000B893AE /* Build configuration list for PBXNativeTarget "VolvoTestTask" */ = {
			isa = XCConfigurationList;
			buildConfigurations = (
				3944ED05217A5E7000B893AE /* Debug */,
				3944ED06217A5E7000B893AE /* Release */,
			);
			defaultConfigurationIsVisible = 0;
			defaultConfigurationName = Release;
		};
		3944ED07217A5E7000B893AE /* Build configuration list for PBXNativeTarget "VolvoTestTaskTests" */ = {
			isa = XCConfigurationList;
			buildConfigurations = (
				3944ED08217A5E7000B893AE /* Debug */,
				3944ED09217A5E7000B893AE /* Release */,
			);
			defaultConfigurationIsVisible = 0;
			defaultConfigurationName = Release;
		};
		3944ED0A217A5E7000B893AE /* Build configuration list for PBXNativeTarget "VolvoTestTaskUITests" */ = {
			isa = XCConfigurationList;
			buildConfigurations = (
				3944ED0B217A5E7000B893AE /* Debug */,
				3944ED0C217A5E7000B893AE /* Release */,
			);
			defaultConfigurationIsVisible = 0;
			defaultConfigurationName = Release;
		};
/* End XCConfigurationList section */
	};
	rootObject = 3944ECD4217A5E6F00B893AE /* Project object */;
}
